
Microsoft Visual Studio Solution File, Format Version 12.00
# Visual Studio Version 17
VisualStudioVersion = 17.4.33213.308
MinimumVisualStudioVersion = 10.0.40219.1
Project("{9A19103F-16F7-4668-BE54-9A1E7A4F7556}") = "FantaAstaServer", "FantaAstaServer\FantaAstaServer.csproj", "{1EA7E772-4D12-42DA-AF49-65F9A59E7F3D}"
EndProject
Project("{FAE04EC0-301F-11D3-BF4B-00C04F79EFBC}") = "FantaAstaServer.Tests", "FantaAstaServer.Tests\FantaAstaServer.Tests.csproj", "{69075A38-43A9-4626-81CE-8122186BD460}"
EndProject
Project("{2150E333-8FDC-42A3-9474-1A3956D46DE8}") = "Source", "Source", "{D2471868-C062-4C28-BAF2-CACDBE61D757}"
EndProject
Project("{FAE04EC0-301F-11D3-BF4B-00C04F79EFBC}") = "FantaAsta.Domain", "FantaAsta.Domain\FantaAsta.Domain.csproj", "{D6CEA292-D951-46BD-8107-2AB78CBD0CC7}"
EndProject
Project("{2150E333-8FDC-42A3-9474-1A3956D46DE8}") = "Tests", "Tests", "{D5490C02-079E-497C-93CF-830BDE8122F6}"
EndProject
Project("{FAE04EC0-301F-11D3-BF4B-00C04F79EFBC}") = "FantaAsta.Application", "FantaAsta.Application\FantaAsta.Application.csproj", "{77ECDC5B-CE01-4214-8B84-918CC0B3F850}"
EndProject
Project("{FAE04EC0-301F-11D3-BF4B-00C04F79EFBC}") = "FantaAsta.Infrastructure", "FantaAsta.Infrastructure\FantaAsta.Infrastructure.csproj", "{861612FC-7477-4BB1-AECB-D770229D7603}"
EndProject
Project("{FAE04EC0-301F-11D3-BF4B-00C04F79EFBC}") = "FantaAsta.API", "FantaAsta.API\FantaAsta.API.csproj", "{64E58BD1-C5AE-491D-AD70-DFB8C3FF15EF}"
EndProject
Project("{FAE04EC0-301F-11D3-BF4B-00C04F79EFBC}") = "Fluently", "Fluently\Fluently.csproj", "{E4DE0126-2590-423D-ABAC-EB3D928AF1C5}"
EndProject
Global
	GlobalSection(SolutionConfigurationPlatforms) = preSolution
		Debug|Any CPU = Debug|Any CPU
		Release|Any CPU = Release|Any CPU
	EndGlobalSection
	GlobalSection(ProjectConfigurationPlatforms) = postSolution
		{1EA7E772-4D12-42DA-AF49-65F9A59E7F3D}.Debug|Any CPU.ActiveCfg = Debug|Any CPU
		{1EA7E772-4D12-42DA-AF49-65F9A59E7F3D}.Debug|Any CPU.Build.0 = Debug|Any CPU
		{1EA7E772-4D12-42DA-AF49-65F9A59E7F3D}.Release|Any CPU.ActiveCfg = Release|Any CPU
		{1EA7E772-4D12-42DA-AF49-65F9A59E7F3D}.Release|Any CPU.Build.0 = Release|Any CPU
		{69075A38-43A9-4626-81CE-8122186BD460}.Debug|Any CPU.ActiveCfg = Debug|Any CPU
		{69075A38-43A9-4626-81CE-8122186BD460}.Debug|Any CPU.Build.0 = Debug|Any CPU
		{69075A38-43A9-4626-81CE-8122186BD460}.Release|Any CPU.ActiveCfg = Release|Any CPU
		{69075A38-43A9-4626-81CE-8122186BD460}.Release|Any CPU.Build.0 = Release|Any CPU
		{D6CEA292-D951-46BD-8107-2AB78CBD0CC7}.Debug|Any CPU.ActiveCfg = Debug|Any CPU
		{D6CEA292-D951-46BD-8107-2AB78CBD0CC7}.Debug|Any CPU.Build.0 = Debug|Any CPU
		{D6CEA292-D951-46BD-8107-2AB78CBD0CC7}.Release|Any CPU.ActiveCfg = Release|Any CPU
		{D6CEA292-D951-46BD-8107-2AB78CBD0CC7}.Release|Any CPU.Build.0 = Release|Any CPU
		{77ECDC5B-CE01-4214-8B84-918CC0B3F850}.Debug|Any CPU.ActiveCfg = Debug|Any CPU
		{77ECDC5B-CE01-4214-8B84-918CC0B3F850}.Debug|Any CPU.Build.0 = Debug|Any CPU
		{77ECDC5B-CE01-4214-8B84-918CC0B3F850}.Release|Any CPU.ActiveCfg = Release|Any CPU
		{77ECDC5B-CE01-4214-8B84-918CC0B3F850}.Release|Any CPU.Build.0 = Release|Any CPU
		{861612FC-7477-4BB1-AECB-D770229D7603}.Debug|Any CPU.ActiveCfg = Debug|Any CPU
		{861612FC-7477-4BB1-AECB-D770229D7603}.Debug|Any CPU.Build.0 = Debug|Any CPU
		{861612FC-7477-4BB1-AECB-D770229D7603}.Release|Any CPU.ActiveCfg = Release|Any CPU
		{861612FC-7477-4BB1-AECB-D770229D7603}.Release|Any CPU.Build.0 = Release|Any CPU
		{64E58BD1-C5AE-491D-AD70-DFB8C3FF15EF}.Debug|Any CPU.ActiveCfg = Debug|Any CPU
		{64E58BD1-C5AE-491D-AD70-DFB8C3FF15EF}.Debug|Any CPU.Build.0 = Debug|Any CPU
		{64E58BD1-C5AE-491D-AD70-DFB8C3FF15EF}.Release|Any CPU.ActiveCfg = Release|Any CPU
		{64E58BD1-C5AE-491D-AD70-DFB8C3FF15EF}.Release|Any CPU.Build.0 = Release|Any CPU
		{E4DE0126-2590-423D-ABAC-EB3D928AF1C5}.Debug|Any CPU.ActiveCfg = Debug|Any CPU
		{E4DE0126-2590-423D-ABAC-EB3D928AF1C5}.Debug|Any CPU.Build.0 = Debug|Any CPU
		{E4DE0126-2590-423D-ABAC-EB3D928AF1C5}.Release|Any CPU.ActiveCfg = Release|Any CPU
		{E4DE0126-2590-423D-ABAC-EB3D928AF1C5}.Release|Any CPU.Build.0 = Release|Any CPU
	EndGlobalSection
	GlobalSection(SolutionProperties) = preSolution
		HideSolutionNode = FALSE
	EndGlobalSection
	GlobalSection(ExtensibilityGlobals) = postSolution
		SolutionGuid = {EFAD7FF1-EFD5-4D04-AFB7-EF6FAB85C174}
	EndGlobalSection
	GlobalSection(NestedProjects) = preSolution
		{D6CEA292-D951-46BD-8107-2AB78CBD0CC7} = {D2471868-C062-4C28-BAF2-CACDBE61D757}
		{77ECDC5B-CE01-4214-8B84-918CC0B3F850} = {D2471868-C062-4C28-BAF2-CACDBE61D757}
		{861612FC-7477-4BB1-AECB-D770229D7603} = {D2471868-C062-4C28-BAF2-CACDBE61D757}
		{64E58BD1-C5AE-491D-AD70-DFB8C3FF15EF} = {D2471868-C062-4C28-BAF2-CACDBE61D757}
		{E4DE0126-2590-423D-ABAC-EB3D928AF1C5} = {D2471868-C062-4C28-BAF2-CACDBE61D757}
	EndGlobalSection
EndGlobal
